
Microsoft Visual Studio Solution File, Format Version 12.00
# Visual Studio Version 16
VisualStudioVersion = 16.0.30413.136
MinimumVisualStudioVersion = 10.0.40219.1
Project("{9A19103F-16F7-4668-BE54-9A1E7A4F7556}") = "Music", "Music\Music.csproj", "{6BB86EBE-AC87-472E-8605-34298FB8351E}"
EndProject
Project("{9A19103F-16F7-4668-BE54-9A1E7A4F7556}") = "NotesTests", "MusicTests\NotesTests.csproj", "{5DEF6600-DEED-473A-B416-B4FFB071B2F5}"
EndProject
Project("{FAE04EC0-301F-11D3-BF4B-00C04F79EFBC}") = "Notes", "Notes\Notes.csproj", "{F2D3E174-1622-4694-BF10-CBE76D3D16B3}"
EndProject
Global
	GlobalSection(SolutionConfigurationPlatforms) = preSolution
		Debug|Any CPU = Debug|Any CPU
		Release|Any CPU = Release|Any CPU
	EndGlobalSection
	GlobalSection(ProjectConfigurationPlatforms) = postSolution
		{6BB86EBE-AC87-472E-8605-34298FB8351E}.Debug|Any CPU.ActiveCfg = Debug|Any CPU
		{6BB86EBE-AC87-472E-8605-34298FB8351E}.Debug|Any CPU.Build.0 = Debug|Any CPU
		{6BB86EBE-AC87-472E-8605-34298FB8351E}.Release|Any CPU.ActiveCfg = Release|Any CPU
		{6BB86EBE-AC87-472E-8605-34298FB8351E}.Release|Any CPU.Build.0 = Release|Any CPU
		{5DEF6600-DEED-473A-B416-B4FFB071B2F5}.Debug|Any CPU.ActiveCfg = Debug|Any CPU
		{5DEF6600-DEED-473A-B416-B4FFB071B2F5}.Debug|Any CPU.Build.0 = Debug|Any CPU
		{5DEF6600-DEED-473A-B416-B4FFB071B2F5}.Release|Any CPU.ActiveCfg = Release|Any CPU
		{5DEF6600-DEED-473A-B416-B4FFB071B2F5}.Release|Any CPU.Build.0 = Release|Any CPU
		{F2D3E174-1622-4694-BF10-CBE76D3D16B3}.Debug|Any CPU.ActiveCfg = Debug|Any CPU
		{F2D3E174-1622-4694-BF10-CBE76D3D16B3}.Debug|Any CPU.Build.0 = Debug|Any CPU
		{F2D3E174-1622-4694-BF10-CBE76D3D16B3}.Release|Any CPU.ActiveCfg = Release|Any CPU
		{F2D3E174-1622-4694-BF10-CBE76D3D16B3}.Release|Any CPU.Build.0 = Release|Any CPU
	EndGlobalSection
	GlobalSection(SolutionProperties) = preSolution
		HideSolutionNode = FALSE
	EndGlobalSection
	GlobalSection(ExtensibilityGlobals) = postSolution
		SolutionGuid = {100530ED-D828-455E-813B-AE55182224D6}
	EndGlobalSection
EndGlobal
